version = 1
revision = 3
requires-python = "==3.11.*"

[[package]]
name = "asgiref"
version = "3.11.1"
source = { registry = "https://pypi.org/simple" }
sdist = { url = "https://files.pythonhosted.org/packages/63/40/f03da1264ae8f7cfdbf9146542e5e7e8100a4c66ab48e791df9a03d3f6c0/asgiref-3.11.1.tar.gz", hash = "sha256:5f184dc43b7e763efe848065441eac62229c9f7b0475f41f80e207a114eda4ce", size = 38550, upload-time = "2026-02-03T13:30:14.33Z" }
wheels = [
    { url = "https://files.pythonhosted.org/packages/5c/0a/a72d10ed65068e115044937873362e6e32fab1b7dce0046aeb224682c989/asgiref-3.11.1-py3-none-any.whl", hash = "sha256:e8667a091e69529631969fd45dc268fa79b99c92c5fcdda727757e52146ec133", size = 24345, upload-time = "2026-02-03T13:30:13.039Z" },
]

[[package]]
name = "async-timeout"
version = "5.0.1"
source = { registry = "https://pypi.org/simple" }
sdist = { url = "https://files.pythonhosted.org/packages/a5/ae/136395dfbfe00dfc94da3f3e136d0b13f394cba8f4841120e34226265780/async_timeout-5.0.1.tar.gz", hash = "sha256:d9321a7a3d5a6a5e187e824d2fa0793ce379a202935782d555d6e9d2735677d3", size = 9274, upload-time = "2024-11-06T16:41:39.6Z" }
wheels = [
    { url = "https://files.pythonhosted.org/packages/fe/ba/e2081de779ca30d473f21f5b30e0e737c438205440784c7dfc81efc2b029/async_timeout-5.0.1-py3-none-any.whl", hash = "sha256:39e3809566ff85354557ec2398b55e096c8364bacac9405a7a1fa429e77fe76c", size = 6233, upload-time = "2024-11-06T16:41:37.9Z" },
]

[[package]]
name = "django"
version = "5.2.14"
source = { registry = "https://pypi.org/simple" }
dependencies = [
    { name = "asgiref" },
    { name = "sqlparse" },
    { name = "tzdata", marker = "sys_platform == 'win32'" },
]
sdist = { url = "https://files.pythonhosted.org/packages/65/95/95f7faa0950867afaa0bef2460c6263afd6a2c78cc9434046ed28160b015/django-5.2.14.tar.gz", hash = "sha256:58a63ba841662e5c686b57ba1fec52ddd68c0b93bd96ac3029d55728f00bf8a2", size = 10895118, upload-time = "2026-05-05T13:57:31.104Z" }
wheels = [
    { url = "https://files.pythonhosted.org/packages/14/44/f172870cf87aa25afef48fb72adba89ee8b77fcab6f3b23d240b923f1528/django-5.2.14-py3-none-any.whl", hash = "sha256:6f712143bd3064310d1f50fac859c3e9a274bdcfc9595339853be7779297fc76", size = 8311320, upload-time = "2026-05-05T13:57:25.795Z" },
]

[[package]]
name = "hiredis"
version = "3.3.1"
source = { registry = "https://pypi.org/simple" }
sdist = { url = "https://files.pythonhosted.org/packages/97/d6/9bef6dc3052c168c93fbf7e6c0f2b12c45f0f741a2d30fd919096774343a/hiredis-3.3.1.tar.gz", hash = "sha256:da6f0302360e99d32bc2869772692797ebadd536e1b826d0103c72ba49d38698", size = 89101, upload-time = "2026-03-16T15:21:08.092Z" }
wheels = [
    { url = "https://files.pythonhosted.org/packages/8b/71/b8e7da87ff0a270e086670da46732ff8e0af2fb4042afe1486846cf44ea7/hiredis-3.3.1-cp311-cp311-macosx_10_15_universal2.whl", hash = "sha256:26f899cde0279e4b7d370716ff80320601c2bd93cdf3e774a42bdd44f65b41f8", size = 81823, upload-time = "2026-03-16T15:19:20.139Z" },
    { url = "https://files.pythonhosted.org/packages/50/e0/8bdafc6251aada93c670eb1893335bb248e10faa784f54de6b9384c7d2cb/hiredis-3.3.1-cp311-cp311-macosx_10_15_x86_64.whl", hash = "sha256:a2f049c3f3c83e886cd1f53958e2a1ebb369be626bef9e50d8b24d79864f1df6", size = 46043, upload-time = "2026-03-16T15:19:21.292Z" },
    { url = "https://files.pythonhosted.org/packages/1b/e8/48e5eee6dffb2d5659f437231341bfbf00c53d9fdb5d069ea629f1b2fa96/hiredis-3.3.1-cp311-cp311-macosx_11_0_arm64.whl", hash = "sha256:5f316cf2d0558f5027aab19dde7d7e4901c26c21fa95367bc37784e8f547bbf2", size = 41813, upload-time = "2026-03-16T15:19:22.404Z" },
    { url = "https://files.pythonhosted.org/packages/d8/e0/8dcd593db6d0e91cd797fafc565995cd28bd9d7ae85807c820b5e245ab82/hiredis-3.3.1-cp311-cp311-manylinux2014_aarch64.manylinux_2_17_aarch64.manylinux_2_28_aarch64.whl", hash = "sha256:03baa381964b8df356d19ec4e3a6ae656044249a87b0def257fe1e08dbaf6094", size = 167570, upload-time = "2026-03-16T15:19:23.328Z" },
    { url = "https://files.pythonhosted.org/packages/76/e5/e2d75ecc15db51117ebd260fab4059b8a4cbbf74eb89c407c6d437bd6413/hiredis-3.3.1-cp311-cp311-manylinux2014_ppc64le.manylinux_2_17_ppc64le.manylinux_2_28_ppc64le.whl", hash = "sha256:304481241e081bc26f0778b2c2b99f9c43917e4e724a016dcc9439b7ab12c726", size = 179373, upload-time = "2026-03-16T15:19:24.739Z" },
    { url = "https://files.pythonhosted.org/packages/86/9a/4fafde37b86f70125bcd01e8af5e9f448fc99f4116db6d0e9ad214fc688a/hiredis-3.3.1-cp311-cp311-manylinux2014_s390x.manylinux_2_17_s390x.manylinux_2_28_s390x.whl", hash = "sha256:8597c35c9e82f65fd5897c4a2188c65d7daf10607b102960137b23d261cd957b", size = 177501, upload-time = "2026-03-16T15:19:25.982Z" },
    { url = "https://files.pythonhosted.org/packages/a3/73/413a17d6926c015683a608c148862f1dc7e8ad6f5c205b626607be9b9ddf/hiredis-3.3.1-cp311-cp311-manylinux2014_x86_64.manylinux_2_17_x86_64.manylinux_2_28_x86_64.whl", hash = "sha256:ad940dc2db545dc978cb41cb9a683e2ff328f3ef581230b9ca40ff6c3d01d542", size = 169446, upload-time = "2026-03-16T15:19:27.35Z" },
    { url = "https://files.pythonhosted.org/packages/e3/39/aa8e41d5f728dfa99f2236c1176a6b348c7577fd68ca9960d20d251d3b29/hiredis-3.3.1-cp311-cp311-musllinux_1_2_aarch64.whl", hash = "sha256:156be6a0c736ee145cfe0fb155d0e96cec8d4872cf8b4f76ad6a2ee6ab391d0a", size = 164009, upload-time = "2026-03-16T15:19:28.426Z" },
    { url = "https://files.pythonhosted.org/packages/c4/37/85a609a2cf2b6354749bcef8f488c3298976358601cb4906bbaf2eb53944/hiredis-3.3.1-cp311-cp311-musllinux_1_2_ppc64le.whl", hash = "sha256:583de2f16528e66081cbdfe510d8488c2de73039dc00aada7d22bd49d73a4a94", size = 174623, upload-time = "2026-03-16T15:19:29.466Z" },
    { url = "https://files.pythonhosted.org/packages/a3/5e/75e0a76e4c9021f9914cfa1de8d98cff4acd0a0eb3344d31f43c02ec9375/hiredis-3.3.1-cp311-cp311-musllinux_1_2_s390x.whl", hash = "sha256:c24c1460486b6b36083252c2db21a814becf8495ccd0e76b7286623e37239b63", size = 167649, upload-time = "2026-03-16T15:19:30.438Z" },
    { url = "https://files.pythonhosted.org/packages/f7/08/1212138ee61e9b72d3f561da60cf6dc15031c10117735938ac258613803f/hiredis-3.3.1-cp311-cp311-musllinux_1_2_x86_64.whl", hash = "sha256:a58a58cef0d911b1717154179a9ff47852249c536ea5966bde4370b6b20638ff", size = 165451, upload-time = "2026-03-16T15:19:31.404Z" },
    { url = "https://files.pythonhosted.org/packages/46/36/cd776ef13b44afbb86c3d63c1a76b09d54cb1b545cce9e26fcd439d69606/hiredis-3.3.1-cp311-cp311-win32.whl", hash = "sha256:e0db44cf81e4d7b94f3776b9f89111f74ed6bbdbfd42a22bc4a5ce0644d3e060", size = 20399, upload-time = "2026-03-16T15:19:32.44Z" },
    { url = "https://files.pythonhosted.org/packages/df/0e/5b2a73bea6d18e7ebda7ed73520854cdc176ba70a945bd541bdeeb3f8caa/hiredis-3.3.1-cp311-cp311-win_amd64.whl", hash = "sha256:1f7bceb03a1b934872ffe3942eaeed7c7e09096e67b53f095b81f39c7a819113", size = 22336, upload-time = "2026-03-16T15:19:33.238Z" },
]

[[package]]
name = "next-blog-server"
version = "0.1.0"
source = { virtual = "." }
dependencies = [
    { name = "django" },
    { name = "hiredis" },
    { name = "psycopg2-binary" },
    { name = "python-dotenv" },
    { name = "redis" },
]

[package.metadata]
requires-dist = [
    { name = "django", specifier = ">=5.2.14" },
    { name = "hiredis", specifier = ">=3.3.1" },
    { name = "psycopg2-binary", specifier = ">=2.9.12" },
    { name = "python-dotenv", specifier = ">=1.2.2" },
    { name = "redis", specifier = ">=7.4.0" },
]

[[package]]
name = "psycopg2-binary"
version = "2.9.12"
source = { registry = "https://pypi.org/simple" }
sdist = { url = "https://files.pythonhosted.org/packages/2a/60/a3624f79acea344c16fbef3a94d28b89a8042ddfb8f3e4ca83f538671409/psycopg2_binary-2.9.12.tar.gz", hash = "sha256:5ac9444edc768c02a6b6a591f070b8aae28ff3a99be57560ac996001580f294c", size = 379686, upload-time = "2026-04-21T09:40:34.304Z" }
wheels = [
    { url = "https://files.pythonhosted.org/packages/d5/19/d4ce60954f3bb9d8e3bc5e5c4d1f2487de2d3851bf2391d54954c9df12a6/psycopg2_binary-2.9.12-cp311-cp311-macosx_10_9_x86_64.whl", hash = "sha256:5c8ce6c61bd1b1f6b9c24ee32211599f6166af2c55abb19456090a21fd16554b", size = 3712338, upload-time = "2026-04-20T23:34:03.961Z" },
    { url = "https://files.pythonhosted.org/packages/53/71/c85409ee0d78890f0660eff262e815e7dd2bb741a17611d82e9e8cd9dc5e/psycopg2_binary-2.9.12-cp311-cp311-macosx_11_0_arm64.whl", hash = "sha256:b4a9eaa6e7f4ff91bec10aa3fb296878e75187bced5cc4bafe17dc40915e1326", size = 3822407, upload-time = "2026-04-20T23:34:05.977Z" },
    { url = "https://files.pythonhosted.org/packages/3c/ed/60486c2c7f0d4d1ede2bfb1ed27e2498477ce646bc7f6b2759906303117e/psycopg2_binary-2.9.12-cp311-cp311-manylinux2014_ppc64le.manylinux_2_17_ppc64le.whl", hash = "sha256:c6528cefc8e50fcc6f4a107e27a672058b36cc5736d665476aeb413ba88dbb06", size = 4578425, upload-time = "2026-04-20T23:34:08.246Z" },
    { url = "https://files.pythonhosted.org/packages/0b/b9/656cb03fad9f4f49f2145c334b1126ee75189929ca4e6187d485a2d59951/psycopg2_binary-2.9.12-cp311-cp311-manylinux2014_x86_64.manylinux_2_17_x86_64.whl", hash = "sha256:e4e184b1fb6072bf05388aa41c697e1b2d01b3473f107e7ec44f186a32cfd0b8", size = 4273709, upload-time = "2026-04-20T23:34:10.974Z" },
    { url = "https://files.pythonhosted.org/packages/99/66/08cf0da0e25cc6fb142c89be45fc8418792858f0c4cbff5e24530ff02cd6/psycopg2_binary-2.9.12-cp311-cp311-manylinux_2_27_aarch64.manylinux_2_28_aarch64.whl", hash = "sha256:4766ab678563054d3f1d064a4db19cc4b5f9e3a8d9018592a8285cf200c248f3", size = 5893779, upload-time = "2026-04-20T23:34:13.905Z" },
    { url = "https://files.pythonhosted.org/packages/17/d7/eecd9ce8e146d3721115d82d3836efdbb712187e4590325df549989d18f4/psycopg2_binary-2.9.12-cp311-cp311-manylinux_2_38_riscv64.manylinux_2_39_riscv64.whl", hash = "sha256:5a0253224780c978746cb9be55a946bcdaf40fe3519c0f622924cdabdafe2c39", size = 4109308, upload-time = "2026-04-20T23:34:16.761Z" },
    { url = "https://files.pythonhosted.org/packages/b6/2e/b1dc289b362cc8d45697b57eefbd673186f49a4ea0906928988e3affcc98/psycopg2_binary-2.9.12-cp311-cp311-musllinux_1_2_aarch64.whl", hash = "sha256:0dc9228d47c46bda253d2ecd6bb93b56a9f2d7ad33b684a1fa3622bf74ffe30c", size = 3654405, upload-time = "2026-04-20T23:34:19.303Z" },
    { url = "https://files.pythonhosted.org/packages/eb/e4/4c4aea6473214dbdbd0fbba11aa4691e76dc01722c55724c5951719865ff/psycopg2_binary-2.9.12-cp311-cp311-musllinux_1_2_ppc64le.whl", hash = "sha256:f921f3cd87035ef7df233383011d7a53ea1d346224752c1385f1edfd790ceb6a", size = 3299187, upload-time = "2026-04-20T23:34:21.206Z" },
    { url = "https://files.pythonhosted.org/packages/ba/5d/b03b99986446a4f57b170ed9a2579fb7ff9783ca0fa5226b19db99737fee/psycopg2_binary-2.9.12-cp311-cp311-musllinux_1_2_riscv64.whl", hash = "sha256:3d999bd982a723113c1a45b55a7a6a90d64d0ed2278020ed625c490ff7bef96c", size = 3047716, upload-time = "2026-04-20T23:34:23.077Z" },
    { url = "https://files.pythonhosted.org/packages/14/86/382ee4afbd1d97500c9d2862b20c2fdeddf4b7335e984df3fb4309f64108/psycopg2_binary-2.9.12-cp311-cp311-musllinux_1_2_x86_64.whl", hash = "sha256:29d4d134bd0ab46ffb04e94aa3c5fa3ef582e9026609165e2f758ff76fc3a3be", size = 3349237, upload-time = "2026-04-20T23:34:25.211Z" },
    { url = "https://files.pythonhosted.org/packages/a8/16/9a57c75ba1eda7165c017342f526810d5f5a12647dde749c99ae9a7141d7/psycopg2_binary-2.9.12-cp311-cp311-win_amd64.whl", hash = "sha256:cb4a1dacdd48077150dc762a9e5ddbf32c256d66cb46f80839391aa458774936", size = 2757036, upload-time = "2026-04-20T23:34:27.77Z" },
]

[[package]]
name = "python-dotenv"
version = "1.2.2"
source = { registry = "https://pypi.org/simple" }
sdist = { url = "https://files.pythonhosted.org/packages/82/ed/0301aeeac3e5353ef3d94b6ec08bbcabd04a72018415dcb29e588514bba8/python_dotenv-1.2.2.tar.gz", hash = "sha256:2c371a91fbd7ba082c2c1dc1f8bf89ca22564a087c2c287cd9b662adde799cf3", size = 50135, upload-time = "2026-03-01T16:00:26.196Z" }
wheels = [
    { url = "https://files.pythonhosted.org/packages/0b/d7/1959b9648791274998a9c3526f6d0ec8fd2233e4d4acce81bbae76b44b2a/python_dotenv-1.2.2-py3-none-any.whl", hash = "sha256:1d8214789a24de455a8b8bd8ae6fe3c6b69a5e3d64aa8a8e5d68e694bbcb285a", size = 22101, upload-time = "2026-03-01T16:00:25.09Z" },
]

[[package]]
name = "redis"
version = "7.4.0"
source = { registry = "https://pypi.org/simple" }
dependencies = [
    { name = "async-timeout", marker = "python_full_version < '3.11.3'" },
]
sdist = { url = "https://files.pythonhosted.org/packages/7b/7f/3759b1d0d72b7c92f0d70ffd9dc962b7b7b5ee74e135f9d7d8ab06b8a318/redis-7.4.0.tar.gz", hash = "sha256:64a6ea7bf567ad43c964d2c30d82853f8df927c5c9017766c55a1d1ed95d18ad", size = 4943913, upload-time = "2026-03-24T09:14:37.53Z" }
wheels = [
    { url = "https://files.pythonhosted.org/packages/74/3a/95deec7db1eb53979973ebd156f3369a72732208d1391cd2e5d127062a32/redis-7.4.0-py3-none-any.whl", hash = "sha256:a9c74a5c893a5ef8455a5adb793a31bb70feb821c86eccb62eebef5a19c429ec", size = 409772, upload-time = "2026-03-24T09:14:35.968Z" },
]

[[package]]
name = "sqlparse"
version = "0.5.5"
source = { registry = "https://pypi.org/simple" }
sdist = { url = "https://files.pythonhosted.org/packages/90/76/437d71068094df0726366574cf3432a4ed754217b436eb7429415cf2d480/sqlparse-0.5.5.tar.gz", hash = "sha256:e20d4a9b0b8585fdf63b10d30066c7c94c5d7a7ec47c889a2d83a3caa93ff28e", size = 120815, upload-time = "2025-12-19T07:17:45.073Z" }
wheels = [
    { url = "https://files.pythonhosted.org/packages/49/4b/359f28a903c13438ef59ebeee215fb25da53066db67b305c125f1c6d2a25/sqlparse-0.5.5-py3-none-any.whl", hash = "sha256:12a08b3bf3eec877c519589833aed092e2444e68240a3577e8e26148acc7b1ba", size = 46138, upload-time = "2025-12-19T07:17:46.573Z" },
]

[[package]]
name = "tzdata"
version = "2026.2"
source = { registry = "https://pypi.org/simple" }
sdist = { url = "https://files.pythonhosted.org/packages/ba/19/1b9b0e29f30c6d35cb345486df41110984ea67ae69dddbc0e8a100999493/tzdata-2026.2.tar.gz", hash = "sha256:9173fde7d80d9018e02a662e168e5a2d04f87c41ea174b139fbef642eda62d10", size = 198254, upload-time = "2026-04-24T15:22:08.651Z" }
wheels = [
    { url = "https://files.pythonhosted.org/packages/ce/e4/dccd7f47c4b64213ac01ef921a1337ee6e30e8c6466046018326977efd95/tzdata-2026.2-py2.py3-none-any.whl", hash = "sha256:bbe9af844f658da81a5f95019480da3a89415801f6cc966806612cc7169bffe7", size = 349321, upload-time = "2026-04-24T15:22:05.876Z" },
]
